<?xml version="1.0" encoding="utf-8"?>
<Project ToolsVersion="4.0" xmlns="http://schemas.microsoft.com/developer/msbuild/2003">
  <ItemGroup>
    <Filter Include="Source Files">
      <UniqueIdentifier>{4FC737F1-C7A5-4376-A066-2A32D752A2FF}</UniqueIdentifier>
      <Extensions>cpp;c;cc;cxx;def;odl;idl;hpj;bat;asm;asmx</Extensions>
    </Filter>
    <Filter Include="Header Files">
      <UniqueIdentifier>{93995380-89BD-4b04-88EB-625FBE52EBFB}</UniqueIdentifier>
      <Extensions>h;hh;hpp;hxx;hm;inl;inc;ipp;xsd</Extensions>
    </Filter>
    <Filter Include="Resource Files">
      <UniqueIdentifier>{67DA6AB6-F800-4c08-8B7A-83BB121AAD01}</UniqueIdentifier>
      <Extensions>rc;ico;cur;bmp;dlg;rc2;rct;bin;rgs;gif;jpg;jpeg;jpe;resx;tiff;tif;png;wav;mfcribbon-ms</Extensions>
    </Filter>
  </ItemGroup>
  <ItemGroup>
    <ClCompile Include="SQLiteColumn.cpp">
      <Filter>Source Files</Filter>
    </ClCompile>
    <ClCompile Include="SQLiteDatabase.cpp">
      <Filter>Source Files</Filter>
    </ClCompile>
    <ClCompile Include="SQLiteStatement.cpp">
      <Filter>Source Files</Filter>
    </ClCompile>
    <ClCompile Include="SQLiteArchive.cpp">
      <Filter>Source Files</Filter>
    </ClCompile>
    <ClCompile Include="SQLiteEntry.cpp">
      <Filter>Source Files</Filter>
    </ClCompile>
    <ClCompile Include="SQLiteDirectory.cpp">
      <Filter>Source Files</Filter>
    </ClCompile>
    <ClCompile Include="SQLiteFile.cpp">
      <Filter>Source Files</Filter>
    </ClCompile>
    <ClCompile Include="SQLitePath.cpp">
      <Filter>Source Files</Filter>
    </ClCompile>
    <ClCompile Include="SQLiteRootDirectory.cpp">
      <Filter>Source Files</Filter>
    </ClCompile>
    <ClCompile Include="DokanMain.cpp">
      <Filter>Source Files</Filter>
    </ClCompile>
    <ClCompile Include="SQLiteFS.cpp">
      <Filter>Source Files</Filter>
    </ClCompile>
    <ClCompile Include="SQLitePreparedStatementFactory.cpp">
      <Filter>Source Files</Filter>
    </ClCompile>
  </ItemGroup>
  <ItemGroup>
    <ClInclude Include="SQLiteColumn.hpp">
      <Filter>Header Files</Filter>
    </ClInclude>
    <ClInclude Include="SQLiteDatabase.hpp">
      <Filter>Header Files</Filter>
    </ClInclude>
    <ClInclude Include="SQLiteStatement.hpp">
      <Filter>Header Files</Filter>
    </ClInclude>
    <ClInclude Include="SQLiteArchive.hpp">
      <Filter>Header Files</Filter>
    </ClInclude>
    <ClInclude Include="Util.hpp">
      <Filter>Header Files</Filter>
    </ClInclude>
    <ClInclude Include="SQLiteEntry.hpp">
      <Filter>Header Files</Filter>
    </ClInclude>
    <ClInclude Include="SQLiteDirectory.hpp">
      <Filter>Header Files</Filter>
    </ClInclude>
    <ClInclude Include="SQLiteFile.hpp">
      <Filter>Header Files</Filter>
    </ClInclude>
    <ClInclude Include="SQLitePath.hpp">
      <Filter>Header Files</Filter>
    </ClInclude>
    <ClInclude Include="SQLiteRootDirectory.hpp">
      <Filter>Header Files</Filter>
    </ClInclude>
    <ClInclude Include="DokanMain.hpp">
      <Filter>Header Files</Filter>
    </ClInclude>
    <ClInclude Include="SQLiteFS.hpp">
      <Filter>Header Files</Filter>
    </ClInclude>
    <ClInclude Include="SQLitePreparedStatementFactory.hpp">
      <Filter>Header Files</Filter>
    </ClInclude>
  </ItemGroup>
</Project>